{
  "object": {
    "pins": [
      {
        "package": "AlertToast",
        "repositoryURL": "https://github.com/elai950/AlertToast.git",
        "state": {
          "branch": "master",
          "revision": "a05db1fed0a518465a86b69a6aed8a2618516f95",
          "version": null
        }
      },
      {
        "package": "SwiftUICharts",
        "repositoryURL": "https://github.com/AppPear/ChartView",
        "state": {
          "branch": null,
          "revision": "9115a992c91fa19cbb4f2241084240d38654a1fc",
          "version": "1.5.5"
        }
      },
      {
        "package": "IQKeyboardManagerSwift",
        "repositoryURL": "https://github.com/hackiftekhar/IQKeyboardManager.git",
        "state": {
          "branch": null,
          "revision": "4dc6bc7d1c9747bd0c261c8c055903f9fdef91f7",
          "version": "6.5.6"
        }
      }
    ]
  },
  "version": 1
}
