// !$*UTF8*$!
{
	archiveVersion = 1;
	classes = {
	};
	objectVersion = 52;
	objects = {

/* Begin PBXBuildFile section */
		222EAB5A2934816A0093EAEB /* Utils.swift in Sources */ = {isa = PBXBuildFile; fileRef = 222EAB592934816A0093EAEB /* Utils.swift */; };
		222EAB5B2934816A0093EAEB /* Utils.swift in Sources */ = {isa = PBXBuildFile; fileRef = 222EAB592934816A0093EAEB /* Utils.swift */; };
		222EAB5D29469CCC0093EAEB /* StatsView.swift in Sources */ = {isa = PBXBuildFile; fileRef = 222EAB5C29469CCC0093EAEB /* StatsView.swift */; };
		222EAB5E29469CCC0093EAEB /* StatsView.swift in Sources */ = {isa = PBXBuildFile; fileRef = 222EAB5C29469CCC0093EAEB /* StatsView.swift */; };
		22A132F7291642F500CCFBD1 /* DomainGesture in Frameworks */ = {isa = PBXBuildFile; productRef = 22A132F6291642F500CCFBD1 /* DomainGesture */; };
		22A6057A26FF50AC0063A73B /* Tests_iOS.swift in Sources */ = {isa = PBXBuildFile; fileRef = 22A6057926FF50AC0063A73B /* Tests_iOS.swift */; };
		22A6058526FF50AC0063A73B /* Tests_macOS.swift in Sources */ = {isa = PBXBuildFile; fileRef = 22A6058426FF50AC0063A73B /* Tests_macOS.swift */; };
		22A6058726FF50AC0063A73B /* logIt.xcdatamodeld in Sources */ = {isa = PBXBuildFile; fileRef = 22A6055B26FF50A90063A73B /* logIt.xcdatamodeld */; };
		22A6058826FF50AC0063A73B /* logIt.xcdatamodeld in Sources */ = {isa = PBXBuildFile; fileRef = 22A6055B26FF50A90063A73B /* logIt.xcdatamodeld */; };
		22A6058926FF50AC0063A73B /* logItApp.swift in Sources */ = {isa = PBXBuildFile; fileRef = 22A6055D26FF50A90063A73B /* logItApp.swift */; };
		22A6058A26FF50AC0063A73B /* logItApp.swift in Sources */ = {isa = PBXBuildFile; fileRef = 22A6055D26FF50A90063A73B /* logItApp.swift */; };
		22A6058B26FF50AC0063A73B /* ContentView.swift in Sources */ = {isa = PBXBuildFile; fileRef = 22A6055E26FF50A90063A73B /* ContentView.swift */; };
		22A6058C26FF50AC0063A73B /* ContentView.swift in Sources */ = {isa = PBXBuildFile; fileRef = 22A6055E26FF50A90063A73B /* ContentView.swift */; };
		22A6058D26FF50AC0063A73B /* Persistence.swift in Sources */ = {isa = PBXBuildFile; fileRef = 22A6055F26FF50A90063A73B /* Persistence.swift */; };
		22A6058E26FF50AC0063A73B /* Persistence.swift in Sources */ = {isa = PBXBuildFile; fileRef = 22A6055F26FF50A90063A73B /* Persistence.swift */; };
		22A6058F26FF50AC0063A73B /* Assets.xcassets in Resources */ = {isa = PBXBuildFile; fileRef = 22A6056026FF50AB0063A73B /* Assets.xcassets */; };
		22A6059026FF50AC0063A73B /* Assets.xcassets in Resources */ = {isa = PBXBuildFile; fileRef = 22A6056026FF50AB0063A73B /* Assets.xcassets */; };
		22A605A026FF575B0063A73B /* LogTabView.swift in Sources */ = {isa = PBXBuildFile; fileRef = 22A6059F26FF575B0063A73B /* LogTabView.swift */; };
		22A605A126FF575B0063A73B /* LogTabView.swift in Sources */ = {isa = PBXBuildFile; fileRef = 22A6059F26FF575B0063A73B /* LogTabView.swift */; };
		22A605A326FF62D00063A73B /* ChartTabView.swift in Sources */ = {isa = PBXBuildFile; fileRef = 22A605A226FF62D00063A73B /* ChartTabView.swift */; };
		22A605A426FF62D00063A73B /* ChartTabView.swift in Sources */ = {isa = PBXBuildFile; fileRef = 22A605A226FF62D00063A73B /* ChartTabView.swift */; };
		22A605A72700856E0063A73B /* SwiftUICharts in Frameworks */ = {isa = PBXBuildFile; productRef = 22A605A62700856E0063A73B /* SwiftUICharts */; };
		22AC1E8B2701CF9F00A6C1F8 /* AlertToast in Frameworks */ = {isa = PBXBuildFile; productRef = 22AC1E8A2701CF9F00A6C1F8 /* AlertToast */; };
		22AC1E8D2701DB5D00A6C1F8 /* ListTabView.swift in Sources */ = {isa = PBXBuildFile; fileRef = 22AC1E8C2701DB5D00A6C1F8 /* ListTabView.swift */; };
		22AC1E8E2701DB5D00A6C1F8 /* ListTabView.swift in Sources */ = {isa = PBXBuildFile; fileRef = 22AC1E8C2701DB5D00A6C1F8 /* ListTabView.swift */; };
		22AC1E902701DDE700A6C1F8 /* SeshRow.swift in Sources */ = {isa = PBXBuildFile; fileRef = 22AC1E8F2701DDE700A6C1F8 /* SeshRow.swift */; };
		22AC1E912701DDE700A6C1F8 /* SeshRow.swift in Sources */ = {isa = PBXBuildFile; fileRef = 22AC1E8F2701DDE700A6C1F8 /* SeshRow.swift */; };
		22D37FF4296FA57C007434B4 /* CalendarTabView.swift in Sources */ = {isa = PBXBuildFile; fileRef = 22D37FF3296FA57C007434B4 /* CalendarTabView.swift */; };
		22D37FF5296FA57C007434B4 /* CalendarTabView.swift in Sources */ = {isa = PBXBuildFile; fileRef = 22D37FF3296FA57C007434B4 /* CalendarTabView.swift */; };
		22FB02032702EF7300EB7AA3 /* IQKeyboardManagerSwift in Frameworks */ = {isa = PBXBuildFile; productRef = 22FB02022702EF7300EB7AA3 /* IQKeyboardManagerSwift */; };
		22FB02052702F10F00EB7AA3 /* AppDelegate.swift in Sources */ = {isa = PBXBuildFile; fileRef = 22FB02042702F10F00EB7AA3 /* AppDelegate.swift */; };
		22FB02062702F10F00EB7AA3 /* AppDelegate.swift in Sources */ = {isa = PBXBuildFile; fileRef = 22FB02042702F10F00EB7AA3 /* AppDelegate.swift */; };
		4ABB824426C42D350EA5D644 /* Pods_logIt__iOS_.framework in Frameworks */ = {isa = PBXBuildFile; fileRef = 6701DEA644B147E7DC4673AC /* Pods_logIt__iOS_.framework */; };
		BE22C93C72D3BA11CB480983 /* Pods_logIt__macOS_.framework in Frameworks */ = {isa = PBXBuildFile; fileRef = AB8B1147370832C88B114725 /* Pods_logIt__macOS_.framework */; };
/* End PBXBuildFile section */

/* Begin PBXContainerItemProxy section */
		22A6057626FF50AC0063A73B /* PBXContainerItemProxy */ = {
			isa = PBXContainerItemProxy;
			containerPortal = 22A6055626FF50A90063A73B /* Project object */;
			proxyType = 1;
			remoteGlobalIDString = 22A6056426FF50AB0063A73B;
			remoteInfo = "logIt (iOS)";
		};
		22A6058126FF50AC0063A73B /* PBXContainerItemProxy */ = {
			isa = PBXContainerItemProxy;
			containerPortal = 22A6055626FF50A90063A73B /* Project object */;
			proxyType = 1;
			remoteGlobalIDString = 22A6056C26FF50AB0063A73B;
			remoteInfo = "logIt (macOS)";
		};
/* End PBXContainerItemProxy section */

/* Begin PBXFileReference section */
		222EAB592934816A0093EAEB /* Utils.swift */ = {isa = PBXFileReference; lastKnownFileType = sourcecode.swift; path = Utils.swift; sourceTree = "<group>"; };
		222EAB5C29469CCC0093EAEB /* StatsView.swift */ = {isa = PBXFileReference; lastKnownFileType = sourcecode.swift; path = StatsView.swift; sourceTree = "<group>"; };
		22A6055C26FF50A90063A73B /* Shared.xcdatamodel */ = {isa = PBXFileReference; lastKnownFileType = wrapper.xcdatamodel; path = Shared.xcdatamodel; sourceTree = "<group>"; };
		22A6055D26FF50A90063A73B /* logItApp.swift */ = {isa = PBXFileReference; lastKnownFileType = sourcecode.swift; path = logItApp.swift; sourceTree = "<group>"; };
		22A6055E26FF50A90063A73B /* ContentView.swift */ = {isa = PBXFileReference; lastKnownFileType = sourcecode.swift; path = ContentView.swift; sourceTree = "<group>"; };
		22A6055F26FF50A90063A73B /* Persistence.swift */ = {isa = PBXFileReference; lastKnownFileType = sourcecode.swift; path = Persistence.swift; sourceTree = "<group>"; };
		22A6056026FF50AB0063A73B /* Assets.xcassets */ = {isa = PBXFileReference; lastKnownFileType = folder.assetcatalog; path = Assets.xcassets; sourceTree = "<group>"; };
		22A6056526FF50AB0063A73B /* logIt.app */ = {isa = PBXFileReference; explicitFileType = wrapper.application; includeInIndex = 0; path = logIt.app; sourceTree = BUILT_PRODUCTS_DIR; };
		22A6056826FF50AB0063A73B /* Info.plist */ = {isa = PBXFileReference; lastKnownFileType = text.plist.xml; path = Info.plist; sourceTree = "<group>"; };
		22A6056D26FF50AB0063A73B /* logIt.app */ = {isa = PBXFileReference; explicitFileType = wrapper.application; includeInIndex = 0; path = logIt.app; sourceTree = BUILT_PRODUCTS_DIR; };
		22A6056F26FF50AB0063A73B /* Info.plist */ = {isa = PBXFileReference; lastKnownFileType = text.plist.xml; path = Info.plist; sourceTree = "<group>"; };
		22A6057026FF50AB0063A73B /* macOS.entitlements */ = {isa = PBXFileReference; lastKnownFileType = text.plist.entitlements; path = macOS.entitlements; sourceTree = "<group>"; };
		22A6057526FF50AB0063A73B /* Tests iOS.xctest */ = {isa = PBXFileReference; explicitFileType = wrapper.cfbundle; includeInIndex = 0; path = "Tests iOS.xctest"; sourceTree = BUILT_PRODUCTS_DIR; };
		22A6057926FF50AC0063A73B /* Tests_iOS.swift */ = {isa = PBXFileReference; lastKnownFileType = sourcecode.swift; path = Tests_iOS.swift; sourceTree = "<group>"; };
		22A6057B26FF50AC0063A73B /* Info.plist */ = {isa = PBXFileReference; lastKnownFileType = text.plist.xml; path = Info.plist; sourceTree = "<group>"; };
		22A6058026FF50AC0063A73B /* Tests macOS.xctest */ = {isa = PBXFileReference; explicitFileType = wrapper.cfbundle; includeInIndex = 0; path = "Tests macOS.xctest"; sourceTree = BUILT_PRODUCTS_DIR; };
		22A6058426FF50AC0063A73B /* Tests_macOS.swift */ = {isa = PBXFileReference; lastKnownFileType = sourcecode.swift; path = Tests_macOS.swift; sourceTree = "<group>"; };
		22A6058626FF50AC0063A73B /* Info.plist */ = {isa = PBXFileReference; lastKnownFileType = text.plist.xml; path = Info.plist; sourceTree = "<group>"; };
		22A6059F26FF575B0063A73B /* LogTabView.swift */ = {isa = PBXFileReference; lastKnownFileType = sourcecode.swift; path = LogTabView.swift; sourceTree = "<group>"; };
		22A605A226FF62D00063A73B /* ChartTabView.swift */ = {isa = PBXFileReference; lastKnownFileType = sourcecode.swift; path = ChartTabView.swift; sourceTree = "<group>"; };
		22AC1E8C2701DB5D00A6C1F8 /* ListTabView.swift */ = {isa = PBXFileReference; lastKnownFileType = sourcecode.swift; path = ListTabView.swift; sourceTree = "<group>"; };
		22AC1E8F2701DDE700A6C1F8 /* SeshRow.swift */ = {isa = PBXFileReference; lastKnownFileType = sourcecode.swift; path = SeshRow.swift; sourceTree = "<group>"; };
		22D37FF3296FA57C007434B4 /* CalendarTabView.swift */ = {isa = PBXFileReference; lastKnownFileType = sourcecode.swift; path = CalendarTabView.swift; sourceTree = "<group>"; };
		22FB02042702F10F00EB7AA3 /* AppDelegate.swift */ = {isa = PBXFileReference; lastKnownFileType = sourcecode.swift; path = AppDelegate.swift; sourceTree = "<group>"; };
		6701DEA644B147E7DC4673AC /* Pods_logIt__iOS_.framework */ = {isa = PBXFileReference; explicitFileType = wrapper.framework; includeInIndex = 0; path = Pods_logIt__iOS_.framework; sourceTree = BUILT_PRODUCTS_DIR; };
		6E94B66C9BE723D79FB5CB42 /* Pods-logIt (iOS).debug.xcconfig */ = {isa = PBXFileReference; includeInIndex = 1; lastKnownFileType = text.xcconfig; name = "Pods-logIt (iOS).debug.xcconfig"; path = "Target Support Files/Pods-logIt (iOS)/Pods-logIt (iOS).debug.xcconfig"; sourceTree = "<group>"; };
		824F73BA33D5DB9910353C8C /* Pods-logIt (macOS).release.xcconfig */ = {isa = PBXFileReference; includeInIndex = 1; lastKnownFileType = text.xcconfig; name = "Pods-logIt (macOS).release.xcconfig"; path = "Target Support Files/Pods-logIt (macOS)/Pods-logIt (macOS).release.xcconfig"; sourceTree = "<group>"; };
		862F70546A4B284AC45CFC5A /* Pods-logIt (iOS).release.xcconfig */ = {isa = PBXFileReference; includeInIndex = 1; lastKnownFileType = text.xcconfig; name = "Pods-logIt (iOS).release.xcconfig"; path = "Target Support Files/Pods-logIt (iOS)/Pods-logIt (iOS).release.xcconfig"; sourceTree = "<group>"; };
		AB8B1147370832C88B114725 /* Pods_logIt__macOS_.framework */ = {isa = PBXFileReference; explicitFileType = wrapper.framework; includeInIndex = 0; path = Pods_logIt__macOS_.framework; sourceTree = BUILT_PRODUCTS_DIR; };
		EA0A26D73EB590269DAAA686 /* Pods-logIt (macOS).debug.xcconfig */ = {isa = PBXFileReference; includeInIndex = 1; lastKnownFileType = text.xcconfig; name = "Pods-logIt (macOS).debug.xcconfig"; path = "Target Support Files/Pods-logIt (macOS)/Pods-logIt (macOS).debug.xcconfig"; sourceTree = "<group>"; };
/* End PBXFileReference section */

/* Begin PBXFrameworksBuildPhase section */
		22A6056226FF50AB0063A73B /* Frameworks */ = {
			isa = PBXFrameworksBuildPhase;
			buildActionMask = 2147483647;
			files = (
				22AC1E8B2701CF9F00A6C1F8 /* AlertToast in Frameworks */,
				22FB02032702EF7300EB7AA3 /* IQKeyboardManagerSwift in Frameworks */,
				4ABB824426C42D350EA5D644 /* Pods_logIt__iOS_.framework in Frameworks */,
				22A605A72700856E0063A73B /* SwiftUICharts in Frameworks */,
				22A132F7291642F500CCFBD1 /* DomainGesture in Frameworks */,
			);
			runOnlyForDeploymentPostprocessing = 0;
		};
		22A6056A26FF50AB0063A73B /* Frameworks */ = {
			isa = PBXFrameworksBuildPhase;
			buildActionMask = 2147483647;
			files = (
				BE22C93C72D3BA11CB480983 /* Pods_logIt__macOS_.framework in Frameworks */,
			);
			runOnlyForDeploymentPostprocessing = 0;
		};
		22A6057226FF50AB0063A73B /* Frameworks */ = {
			isa = PBXFrameworksBuildPhase;
			buildActionMask = 2147483647;
			files = (
			);
			runOnlyForDeploymentPostprocessing = 0;
		};
		22A6057D26FF50AC0063A73B /* Frameworks */ = {
			isa = PBXFrameworksBuildPhase;
			buildActionMask = 2147483647;
			files = (
			);
			runOnlyForDeploymentPostprocessing = 0;
		};
/* End PBXFrameworksBuildPhase section */

/* Begin PBXGroup section */
		22A6055526FF50A90063A73B = {
			isa = PBXGroup;
			children = (
				22A6055A26FF50A90063A73B /* Shared */,
				22A6056726FF50AB0063A73B /* iOS */,
				22A6056E26FF50AB0063A73B /* macOS */,
				22A6057826FF50AC0063A73B /* Tests iOS */,
				22A6058326FF50AC0063A73B /* Tests macOS */,
				22A6056626FF50AB0063A73B /* Products */,
				8A001EE2C18BF8F481C2C2CC /* Pods */,
				BB9C222959E13A176C565762 /* Frameworks */,
			);
			sourceTree = "<group>";
		};
		22A6055A26FF50A90063A73B /* Shared */ = {
			isa = PBXGroup;
			children = (
				22A6055D26FF50A90063A73B /* logItApp.swift */,
				22A6055E26FF50A90063A73B /* ContentView.swift */,
				22A6055F26FF50A90063A73B /* Persistence.swift */,
				22A6056026FF50AB0063A73B /* Assets.xcassets */,
				22A6055B26FF50A90063A73B /* logIt.xcdatamodeld */,
				22A6059F26FF575B0063A73B /* LogTabView.swift */,
				22A605A226FF62D00063A73B /* ChartTabView.swift */,
				22AC1E8C2701DB5D00A6C1F8 /* ListTabView.swift */,
				22AC1E8F2701DDE700A6C1F8 /* SeshRow.swift */,
				22FB02042702F10F00EB7AA3 /* AppDelegate.swift */,
				222EAB592934816A0093EAEB /* Utils.swift */,
				222EAB5C29469CCC0093EAEB /* StatsView.swift */,
				22D37FF3296FA57C007434B4 /* CalendarTabView.swift */,
			);
			path = Shared;
			sourceTree = "<group>";
		};
		22A6056626FF50AB0063A73B /* Products */ = {
			isa = PBXGroup;
			children = (
				22A6056526FF50AB0063A73B /* logIt.app */,
				22A6056D26FF50AB0063A73B /* logIt.app */,
				22A6057526FF50AB0063A73B /* Tests iOS.xctest */,
				22A6058026FF50AC0063A73B /* Tests macOS.xctest */,
			);
			name = Products;
			sourceTree = "<group>";
		};
		22A6056726FF50AB0063A73B /* iOS */ = {
			isa = PBXGroup;
			children = (
				22A6056826FF50AB0063A73B /* Info.plist */,
			);
			path = iOS;
			sourceTree = "<group>";
		};
		22A6056E26FF50AB0063A73B /* macOS */ = {
			isa = PBXGroup;
			children = (
				22A6056F26FF50AB0063A73B /* Info.plist */,
				22A6057026FF50AB0063A73B /* macOS.entitlements */,
			);
			path = macOS;
			sourceTree = "<group>";
		};
		22A6057826FF50AC0063A73B /* Tests iOS */ = {
			isa = PBXGroup;
			children = (
				22A6057926FF50AC0063A73B /* Tests_iOS.swift */,
				22A6057B26FF50AC0063A73B /* Info.plist */,
			);
			path = "Tests iOS";
			sourceTree = "<group>";
		};
		22A6058326FF50AC0063A73B /* Tests macOS */ = {
			isa = PBXGroup;
			children = (
				22A6058426FF50AC0063A73B /* Tests_macOS.swift */,
				22A6058626FF50AC0063A73B /* Info.plist */,
			);
			path = "Tests macOS";
			sourceTree = "<group>";
		};
		8A001EE2C18BF8F481C2C2CC /* Pods */ = {
			isa = PBXGroup;
			children = (
				6E94B66C9BE723D79FB5CB42 /* Pods-logIt (iOS).debug.xcconfig */,
				862F70546A4B284AC45CFC5A /* Pods-logIt (iOS).release.xcconfig */,
				EA0A26D73EB590269DAAA686 /* Pods-logIt (macOS).debug.xcconfig */,
				824F73BA33D5DB9910353C8C /* Pods-logIt (macOS).release.xcconfig */,
			);
			path = Pods;
			sourceTree = "<group>";
		};
		BB9C222959E13A176C565762 /* Frameworks */ = {
			isa = PBXGroup;
			children = (
				6701DEA644B147E7DC4673AC /* Pods_logIt__iOS_.framework */,
				AB8B1147370832C88B114725 /* Pods_logIt__macOS_.framework */,
			);
			name = Frameworks;
			sourceTree = "<group>";
		};
/* End PBXGroup section */

/* Begin PBXNativeTarget section */
		22A6056426FF50AB0063A73B /* logIt (iOS) */ = {
			isa = PBXNativeTarget;
			buildConfigurationList = 22A6059326FF50AC0063A73B /* Build configuration list for PBXNativeTarget "logIt (iOS)" */;
			buildPhases = (
				AB7741E208486565323B060B /* [CP] Check Pods Manifest.lock */,
				22A6056126FF50AB0063A73B /* Sources */,
				22A6056226FF50AB0063A73B /* Frameworks */,
				22A6056326FF50AB0063A73B /* Resources */,
			);
			buildRules = (
			);
			dependencies = (
			);
			name = "logIt (iOS)";
			packageProductDependencies = (
				22A605A62700856E0063A73B /* SwiftUICharts */,
				22AC1E8A2701CF9F00A6C1F8 /* AlertToast */,
				22FB02022702EF7300EB7AA3 /* IQKeyboardManagerSwift */,
				22A132F6291642F500CCFBD1 /* DomainGesture */,
			);
			productName = "logIt (iOS)";
			productReference = 22A6056526FF50AB0063A73B /* logIt.app */;
			productType = "com.apple.product-type.application";
		};
		22A6056C26FF50AB0063A73B /* logIt (macOS) */ = {
			isa = PBXNativeTarget;
			buildConfigurationList = 22A6059626FF50AC0063A73B /* Build configuration list for PBXNativeTarget "logIt (macOS)" */;
			buildPhases = (
				F432077CE4BC71F0E7814359 /* [CP] Check Pods Manifest.lock */,
				22A6056926FF50AB0063A73B /* Sources */,
				22A6056A26FF50AB0063A73B /* Frameworks */,
				22A6056B26FF50AB0063A73B /* Resources */,
			);
			buildRules = (
			);
			dependencies = (
			);
			name = "logIt (macOS)";
			productName = "logIt (macOS)";
			productReference = 22A6056D26FF50AB0063A73B /* logIt.app */;
			productType = "com.apple.product-type.application";
		};
		22A6057426FF50AB0063A73B /* Tests iOS */ = {
			isa = PBXNativeTarget;
			buildConfigurationList = 22A6059926FF50AC0063A73B /* Build configuration list for PBXNativeTarget "Tests iOS" */;
			buildPhases = (
				22A6057126FF50AB0063A73B /* Sources */,
				22A6057226FF50AB0063A73B /* Frameworks */,
				22A6057326FF50AB0063A73B /* Resources */,
			);
			buildRules = (
			);
			dependencies = (
				22A6057726FF50AC0063A73B /* PBXTargetDependency */,
			);
			name = "Tests iOS";
			productName = "Tests iOS";
			productReference = 22A6057526FF50AB0063A73B /* Tests iOS.xctest */;
			productType = "com.apple.product-type.bundle.ui-testing";
		};
		22A6057F26FF50AC0063A73B /* Tests macOS */ = {
			isa = PBXNativeTarget;
			buildConfigurationList = 22A6059C26FF50AC0063A73B /* Build configuration list for PBXNativeTarget "Tests macOS" */;
			buildPhases = (
				22A6057C26FF50AC0063A73B /* Sources */,
				22A6057D26FF50AC0063A73B /* Frameworks */,
				22A6057E26FF50AC0063A73B /* Resources */,
			);
			buildRules = (
			);
			dependencies = (
				22A6058226FF50AC0063A73B /* PBXTargetDependency */,
			);
			name = "Tests macOS";
			productName = "Tests macOS";
			productReference = 22A6058026FF50AC0063A73B /* Tests macOS.xctest */;
			productType = "com.apple.product-type.bundle.ui-testing";
		};
/* End PBXNativeTarget section */

/* Begin PBXProject section */
		22A6055626FF50A90063A73B /* Project object */ = {
			isa = PBXProject;
			attributes = {
				LastSwiftUpdateCheck = 1250;
				LastUpgradeCheck = 1250;
				TargetAttributes = {
					22A6056426FF50AB0063A73B = {
						CreatedOnToolsVersion = 12.5.1;
					};
					22A6056C26FF50AB0063A73B = {
						CreatedOnToolsVersion = 12.5.1;
					};
					22A6057426FF50AB0063A73B = {
						CreatedOnToolsVersion = 12.5.1;
						TestTargetID = 22A6056426FF50AB0063A73B;
					};
					22A6057F26FF50AC0063A73B = {
						CreatedOnToolsVersion = 12.5.1;
						TestTargetID = 22A6056C26FF50AB0063A73B;
					};
				};
			};
			buildConfigurationList = 22A6055926FF50A90063A73B /* Build configuration list for PBXProject "logIt" */;
			compatibilityVersion = "Xcode 9.3";
			developmentRegion = en;
			hasScannedForEncodings = 0;
			knownRegions = (
				en,
				Base,
			);
			mainGroup = 22A6055526FF50A90063A73B;
			packageReferences = (
				22A605A52700856E0063A73B /* XCRemoteSwiftPackageReference "ChartView" */,
				22AC1E892701CF9F00A6C1F8 /* XCRemoteSwiftPackageReference "AlertToast" */,
				22FB02012702EF7300EB7AA3 /* XCRemoteSwiftPackageReference "IQKeyboardManager" */,
				22A132F5291642F500CCFBD1 /* XCRemoteSwiftPackageReference "domain-gesture" */,
			);
			productRefGroup = 22A6056626FF50AB0063A73B /* Products */;
			projectDirPath = "";
			projectRoot = "";
			targets = (
				22A6056426FF50AB0063A73B /* logIt (iOS) */,
				22A6056C26FF50AB0063A73B /* logIt (macOS) */,
				22A6057426FF50AB0063A73B /* Tests iOS */,
				22A6057F26FF50AC0063A73B /* Tests macOS */,
			);
		};
/* End PBXProject section */

/* Begin PBXResourcesBuildPhase section */
		22A6056326FF50AB0063A73B /* Resources */ = {
			isa = PBXResourcesBuildPhase;
			buildActionMask = 2147483647;
			files = (
				22A6058F26FF50AC0063A73B /* Assets.xcassets in Resources */,
			);
			runOnlyForDeploymentPostprocessing = 0;
		};
		22A6056B26FF50AB0063A73B /* Resources */ = {
			isa = PBXResourcesBuildPhase;
			buildActionMask = 2147483647;
			files = (
				22A6059026FF50AC0063A73B /* Assets.xcassets in Resources */,
			);
			runOnlyForDeploymentPostprocessing = 0;
		};
		22A6057326FF50AB0063A73B /* Resources */ = {
			isa = PBXResourcesBuildPhase;
			buildActionMask = 2147483647;
			files = (
			);
			runOnlyForDeploymentPostprocessing = 0;
		};
		22A6057E26FF50AC0063A73B /* Resources */ = {
			isa = PBXResourcesBuildPhase;
			buildActionMask = 2147483647;
			files = (
			);
			runOnlyForDeploymentPostprocessing = 0;
		};
/* End PBXResourcesBuildPhase section */

/* Begin PBXShellScriptBuildPhase section */
		AB7741E208486565323B060B /* [CP] Check Pods Manifest.lock */ = {
			isa = PBXShellScriptBuildPhase;
			buildActionMask = 2147483647;
			files = (
			);
			inputFileListPaths = (
			);
			inputPaths = (
				"${PODS_PODFILE_DIR_PATH}/Podfile.lock",
				"${PODS_ROOT}/Manifest.lock",
			);
			name = "[CP] Check Pods Manifest.lock";
			outputFileListPaths = (
			);
			outputPaths = (
				"$(DERIVED_FILE_DIR)/Pods-logIt (iOS)-checkManifestLockResult.txt",
			);
			runOnlyForDeploymentPostprocessing = 0;
			shellPath = /bin/sh;
			shellScript = "diff \"${PODS_PODFILE_DIR_PATH}/Podfile.lock\" \"${PODS_ROOT}/Manifest.lock\" > /dev/null\nif [ $? != 0 ] ; then\n    # print error to STDERR\n    echo \"error: The sandbox is not in sync with the Podfile.lock. Run 'pod install' or update your CocoaPods installation.\" >&2\n    exit 1\nfi\n# This output is used by Xcode 'outputs' to avoid re-running this script phase.\necho \"SUCCESS\" > \"${SCRIPT_OUTPUT_FILE_0}\"\n";
			showEnvVarsInLog = 0;
		};
		F432077CE4BC71F0E7814359 /* [CP] Check Pods Manifest.lock */ = {
			isa = PBXShellScriptBuildPhase;
			buildActionMask = 2147483647;
			files = (
			);
			inputFileListPaths = (
			);
			inputPaths = (
				"${PODS_PODFILE_DIR_PATH}/Podfile.lock",
				"${PODS_ROOT}/Manifest.lock",
			);
			name = "[CP] Check Pods Manifest.lock";
			outputFileListPaths = (
			);
			outputPaths = (
				"$(DERIVED_FILE_DIR)/Pods-logIt (macOS)-checkManifestLockResult.txt",
			);
			runOnlyForDeploymentPostprocessing = 0;
			shellPath = /bin/sh;
			shellScript = "diff \"${PODS_PODFILE_DIR_PATH}/Podfile.lock\" \"${PODS_ROOT}/Manifest.lock\" > /dev/null\nif [ $? != 0 ] ; then\n    # print error to STDERR\n    echo \"error: The sandbox is not in sync with the Podfile.lock. Run 'pod install' or update your CocoaPods installation.\" >&2\n    exit 1\nfi\n# This output is used by Xcode 'outputs' to avoid re-running this script phase.\necho \"SUCCESS\" > \"${SCRIPT_OUTPUT_FILE_0}\"\n";
			showEnvVarsInLog = 0;
		};
/* End PBXShellScriptBuildPhase section */

/* Begin PBXSourcesBuildPhase section */
		22A6056126FF50AB0063A73B /* Sources */ = {
			isa = PBXSourcesBuildPhase;
			buildActionMask = 2147483647;
			files = (
				22D37FF4296FA57C007434B4 /* CalendarTabView.swift in Sources */,
				222EAB5D29469CCC0093EAEB /* StatsView.swift in Sources */,
				22A6058726FF50AC0063A73B /* logIt.xcdatamodeld in Sources */,
				22A6058D26FF50AC0063A73B /* Persistence.swift in Sources */,
				22A6058926FF50AC0063A73B /* logItApp.swift in Sources */,
				22FB02052702F10F00EB7AA3 /* AppDelegate.swift in Sources */,
				22AC1E902701DDE700A6C1F8 /* SeshRow.swift in Sources */,
				222EAB5A2934816A0093EAEB /* Utils.swift in Sources */,
				22A605A326FF62D00063A73B /* ChartTabView.swift in Sources */,
				22AC1E8D2701DB5D00A6C1F8 /* ListTabView.swift in Sources */,
				22A6058B26FF50AC0063A73B /* ContentView.swift in Sources */,
				22A605A026FF575B0063A73B /* LogTabView.swift in Sources */,
			);
			runOnlyForDeploymentPostprocessing = 0;
		};
		22A6056926FF50AB0063A73B /* Sources */ = {
			isa = PBXSourcesBuildPhase;
			buildActionMask = 2147483647;
			files = (
				22D37FF5296FA57C007434B4 /* CalendarTabView.swift in Sources */,
				222EAB5E29469CCC0093EAEB /* StatsView.swift in Sources */,
				22A6058826FF50AC0063A73B /* logIt.xcdatamodeld in Sources */,
				22A6058E26FF50AC0063A73B /* Persistence.swift in Sources */,
				22A6058A26FF50AC0063A73B /* logItApp.swift in Sources */,
				22FB02062702F10F00EB7AA3 /* AppDelegate.swift in Sources */,
				22AC1E912701DDE700A6C1F8 /* SeshRow.swift in Sources */,
				222EAB5B2934816A0093EAEB /* Utils.swift in Sources */,
				22A605A426FF62D00063A73B /* ChartTabView.swift in Sources */,
				22AC1E8E2701DB5D00A6C1F8 /* ListTabView.swift in Sources */,
				22A6058C26FF50AC0063A73B /* ContentView.swift in Sources */,
				22A605A126FF575B0063A73B /* LogTabView.swift in Sources */,
			);
			runOnlyForDeploymentPostprocessing = 0;
		};
		22A6057126FF50AB0063A73B /* Sources */ = {
			isa = PBXSourcesBuildPhase;
			buildActionMask = 2147483647;
			files = (
				22A6057A26FF50AC0063A73B /* Tests_iOS.swift in Sources */,
			);
			runOnlyForDeploymentPostprocessing = 0;
		};
		22A6057C26FF50AC0063A73B /* Sources */ = {
			isa = PBXSourcesBuildPhase;
			buildActionMask = 2147483647;
			files = (
				22A6058526FF50AC0063A73B /* Tests_macOS.swift in Sources */,
			);
			runOnlyForDeploymentPostprocessing = 0;
		};
/* End PBXSourcesBuildPhase section */

/* Begin PBXTargetDependency section */
		22A6057726FF50AC0063A73B /* PBXTargetDependency */ = {
			isa = PBXTargetDependency;
			target = 22A6056426FF50AB0063A73B /* logIt (iOS) */;
			targetProxy = 22A6057626FF50AC0063A73B /* PBXContainerItemProxy */;
		};
		22A6058226FF50AC0063A73B /* PBXTargetDependency */ = {
			isa = PBXTargetDependency;
			target = 22A6056C26FF50AB0063A73B /* logIt (macOS) */;
			targetProxy = 22A6058126FF50AC0063A73B /* PBXContainerItemProxy */;
		};
/* End PBXTargetDependency section */

/* Begin XCBuildConfiguration section */
		22A6059126FF50AC0063A73B /* Debug */ = {
			isa = XCBuildConfiguration;
			buildSettings = {
				ALWAYS_SEARCH_USER_PATHS = NO;
				CLANG_ANALYZER_NONNULL = YES;
				CLANG_ANALYZER_NUMBER_OBJECT_CONVERSION = YES_AGGRESSIVE;
				CLANG_CXX_LANGUAGE_STANDARD = "gnu++14";
				CLANG_CXX_LIBRARY = "libc++";
				CLANG_ENABLE_MODULES = YES;
				CLANG_ENABLE_OBJC_ARC = YES;
				CLANG_ENABLE_OBJC_WEAK = YES;
				CLANG_WARN_BLOCK_CAPTURE_AUTORELEASING = YES;
				CLANG_WARN_BOOL_CONVERSION = YES;
				CLANG_WARN_COMMA = YES;
				CLANG_WARN_CONSTANT_CONVERSION = YES;
				CLANG_WARN_DEPRECATED_OBJC_IMPLEMENTATIONS = YES;
				CLANG_WARN_DIRECT_OBJC_ISA_USAGE = YES_ERROR;
				CLANG_WARN_DOCUMENTATION_COMMENTS = YES;
				CLANG_WARN_EMPTY_BODY = YES;
				CLANG_WARN_ENUM_CONVERSION = YES;
				CLANG_WARN_INFINITE_RECURSION = YES;
				CLANG_WARN_INT_CONVERSION = YES;
				CLANG_WARN_NON_LITERAL_NULL_CONVERSION = YES;
				CLANG_WARN_OBJC_IMPLICIT_RETAIN_SELF = YES;
				CLANG_WARN_OBJC_LITERAL_CONVERSION = YES;
				CLANG_WARN_OBJC_ROOT_CLASS = YES_ERROR;
				CLANG_WARN_QUOTED_INCLUDE_IN_FRAMEWORK_HEADER = YES;
				CLANG_WARN_RANGE_LOOP_ANALYSIS = YES;
				CLANG_WARN_STRICT_PROTOTYPES = YES;
				CLANG_WARN_SUSPICIOUS_MOVE = YES;
				CLANG_WARN_UNGUARDED_AVAILABILITY = YES_AGGRESSIVE;
				CLANG_WARN_UNREACHABLE_CODE = YES;
				CLANG_WARN__DUPLICATE_METHOD_MATCH = YES;
				COPY_PHASE_STRIP = NO;
				DEBUG_INFORMATION_FORMAT = dwarf;
				ENABLE_STRICT_OBJC_MSGSEND = YES;
				ENABLE_TESTABILITY = YES;
				GCC_C_LANGUAGE_STANDARD = gnu11;
				GCC_DYNAMIC_NO_PIC = NO;
				GCC_NO_COMMON_BLOCKS = YES;
				GCC_OPTIMIZATION_LEVEL = 0;
				GCC_PREPROCESSOR_DEFINITIONS = (
					"DEBUG=1",
					"$(inherited)",
				);
				GCC_WARN_64_TO_32_BIT_CONVERSION = YES;
				GCC_WARN_ABOUT_RETURN_TYPE = YES_ERROR;
				GCC_WARN_UNDECLARED_SELECTOR = YES;
				GCC_WARN_UNINITIALIZED_AUTOS = YES_AGGRESSIVE;
				GCC_WARN_UNUSED_FUNCTION = YES;
				GCC_WARN_UNUSED_VARIABLE = YES;
				IPHONEOS_DEPLOYMENT_TARGET = 16.0;
				MTL_ENABLE_DEBUG_INFO = INCLUDE_SOURCE;
				MTL_FAST_MATH = YES;
				ONLY_ACTIVE_ARCH = YES;
				SWIFT_ACTIVE_COMPILATION_CONDITIONS = DEBUG;
				SWIFT_OPTIMIZATION_LEVEL = "-Onone";
			};
			name = Debug;
		};
		22A6059226FF50AC0063A73B /* Release */ = {
			isa = XCBuildConfiguration;
			buildSettings = {
				ALWAYS_SEARCH_USER_PATHS = NO;
				CLANG_ANALYZER_NONNULL = YES;
				CLANG_ANALYZER_NUMBER_OBJECT_CONVERSION = YES_AGGRESSIVE;
				CLANG_CXX_LANGUAGE_STANDARD = "gnu++14";
				CLANG_CXX_LIBRARY = "libc++";
				CLANG_ENABLE_MODULES = YES;
				CLANG_ENABLE_OBJC_ARC = YES;
				CLANG_ENABLE_OBJC_WEAK = YES;
				CLANG_WARN_BLOCK_CAPTURE_AUTORELEASING = YES;
				CLANG_WARN_BOOL_CONVERSION = YES;
				CLANG_WARN_COMMA = YES;
				CLANG_WARN_CONSTANT_CONVERSION = YES;
				CLANG_WARN_DEPRECATED_OBJC_IMPLEMENTATIONS = YES;
				CLANG_WARN_DIRECT_OBJC_ISA_USAGE = YES_ERROR;
				CLANG_WARN_DOCUMENTATION_COMMENTS = YES;
				CLANG_WARN_EMPTY_BODY = YES;
				CLANG_WARN_ENUM_CONVERSION = YES;
				CLANG_WARN_INFINITE_RECURSION = YES;
				CLANG_WARN_INT_CONVERSION = YES;
				CLANG_WARN_NON_LITERAL_NULL_CONVERSION = YES;
				CLANG_WARN_OBJC_IMPLICIT_RETAIN_SELF = YES;
				CLANG_WARN_OBJC_LITERAL_CONVERSION = YES;
				CLANG_WARN_OBJC_ROOT_CLASS = YES_ERROR;
				CLANG_WARN_QUOTED_INCLUDE_IN_FRAMEWORK_HEADER = YES;
				CLANG_WARN_RANGE_LOOP_ANALYSIS = YES;
				CLANG_WARN_STRICT_PROTOTYPES = YES;
				CLANG_WARN_SUSPICIOUS_MOVE = YES;
				CLANG_WARN_UNGUARDED_AVAILABILITY = YES_AGGRESSIVE;
				CLANG_WARN_UNREACHABLE_CODE = YES;
				CLANG_WARN__DUPLICATE_METHOD_MATCH = YES;
				COPY_PHASE_STRIP = NO;
				DEBUG_INFORMATION_FORMAT = "dwarf-with-dsym";
				ENABLE_NS_ASSERTIONS = NO;
				ENABLE_STRICT_OBJC_MSGSEND = YES;
				GCC_C_LANGUAGE_STANDARD = gnu11;
				GCC_NO_COMMON_BLOCKS = YES;
				GCC_WARN_64_TO_32_BIT_CONVERSION = YES;
				GCC_WARN_ABOUT_RETURN_TYPE = YES_ERROR;
				GCC_WARN_UNDECLARED_SELECTOR = YES;
				GCC_WARN_UNINITIALIZED_AUTOS = YES_AGGRESSIVE;
				GCC_WARN_UNUSED_FUNCTION = YES;
				GCC_WARN_UNUSED_VARIABLE = YES;
				IPHONEOS_DEPLOYMENT_TARGET = 16.0;
				MTL_ENABLE_DEBUG_INFO = NO;
				MTL_FAST_MATH = YES;
				SWIFT_COMPILATION_MODE = wholemodule;
				SWIFT_OPTIMIZATION_LEVEL = "-O";
			};
			name = Release;
		};
		22A6059426FF50AC0063A73B /* Debug */ = {
			isa = XCBuildConfiguration;
			baseConfigurationReference = 6E94B66C9BE723D79FB5CB42 /* Pods-logIt (iOS).debug.xcconfig */;
			buildSettings = {
				ASSETCATALOG_COMPILER_APPICON_NAME = AppIcon;
				ASSETCATALOG_COMPILER_GLOBAL_ACCENT_COLOR_NAME = AccentColor;
				CODE_SIGN_IDENTITY = "Apple Development";
				CODE_SIGN_STYLE = Automatic;
				DEVELOPMENT_TEAM = TMD2D7PWT9;
				ENABLE_PREVIEWS = YES;
				INFOPLIST_FILE = iOS/Info.plist;
				IPHONEOS_DEPLOYMENT_TARGET = 16.0;
				LD_RUNPATH_SEARCH_PATHS = (
					"$(inherited)",
					"@executable_path/Frameworks",
				);
				PRODUCT_BUNDLE_IDENTIFIER = com.log.It;
				PRODUCT_NAME = logIt;
				PROVISIONING_PROFILE_SPECIFIER = "";
				SDKROOT = iphoneos;
				SWIFT_VERSION = 5.0;
				TARGETED_DEVICE_FAMILY = "1,2";
			};
			name = Debug;
		};
		22A6059526FF50AC0063A73B /* Release */ = {
			isa = XCBuildConfiguration;
			baseConfigurationReference = 862F70546A4B284AC45CFC5A /* Pods-logIt (iOS).release.xcconfig */;
			buildSettings = {
				ASSETCATALOG_COMPILER_APPICON_NAME = AppIcon;
				ASSETCATALOG_COMPILER_GLOBAL_ACCENT_COLOR_NAME = AccentColor;
				CODE_SIGN_IDENTITY = "Apple Development";
				CODE_SIGN_STYLE = Automatic;
				DEVELOPMENT_TEAM = TMD2D7PWT9;
				ENABLE_PREVIEWS = YES;
				INFOPLIST_FILE = iOS/Info.plist;
				IPHONEOS_DEPLOYMENT_TARGET = 16.0;
				LD_RUNPATH_SEARCH_PATHS = (
					"$(inherited)",
					"@executable_path/Frameworks",
				);
				PRODUCT_BUNDLE_IDENTIFIER = com.log.It;
				PRODUCT_NAME = logIt;
				PROVISIONING_PROFILE_SPECIFIER = "";
				SDKROOT = iphoneos;
				SWIFT_VERSION = 5.0;
				TARGETED_DEVICE_FAMILY = "1,2";
				VALIDATE_PRODUCT = YES;
			};
			name = Release;
		};
		22A6059726FF50AC0063A73B /* Debug */ = {
			isa = XCBuildConfiguration;
			baseConfigurationReference = EA0A26D73EB590269DAAA686 /* Pods-logIt (macOS).debug.xcconfig */;
			buildSettings = {
				ASSETCATALOG_COMPILER_APPICON_NAME = AppIcon;
				ASSETCATALOG_COMPILER_GLOBAL_ACCENT_COLOR_NAME = AccentColor;
				CODE_SIGN_ENTITLEMENTS = macOS/macOS.entitlements;
				CODE_SIGN_STYLE = Automatic;
				COMBINE_HIDPI_IMAGES = YES;
				DEVELOPMENT_TEAM = TMD2D7PWT9;
				ENABLE_HARDENED_RUNTIME = YES;
				ENABLE_PREVIEWS = YES;
				INFOPLIST_FILE = macOS/Info.plist;
				LD_RUNPATH_SEARCH_PATHS = (
					"$(inherited)",
					"@executable_path/../Frameworks",
				);
				MACOSX_DEPLOYMENT_TARGET = 11.0;
				PRODUCT_BUNDLE_IDENTIFIER = com.logIt.logIt;
				PRODUCT_NAME = logIt;
				SDKROOT = macosx;
				SWIFT_VERSION = 5.0;
			};
			name = Debug;
		};
		22A6059826FF50AC0063A73B /* Release */ = {
			isa = XCBuildConfiguration;
			baseConfigurationReference = 824F73BA33D5DB9910353C8C /* Pods-logIt (macOS).release.xcconfig */;
			buildSettings = {
				ASSETCATALOG_COMPILER_APPICON_NAME = AppIcon;
				ASSETCATALOG_COMPILER_GLOBAL_ACCENT_COLOR_NAME = AccentColor;
				CODE_SIGN_ENTITLEMENTS = macOS/macOS.entitlements;
				CODE_SIGN_STYLE = Automatic;
				COMBINE_HIDPI_IMAGES = YES;
				DEVELOPMENT_TEAM = TMD2D7PWT9;
				ENABLE_HARDENED_RUNTIME = YES;
				ENABLE_PREVIEWS = YES;
				INFOPLIST_FILE = macOS/Info.plist;
				LD_RUNPATH_SEARCH_PATHS = (
					"$(inherited)",
					"@executable_path/../Frameworks",
				);
				MACOSX_DEPLOYMENT_TARGET = 11.0;
				PRODUCT_BUNDLE_IDENTIFIER = com.logIt.logIt;
				PRODUCT_NAME = logIt;
				SDKROOT = macosx;
				SWIFT_VERSION = 5.0;
			};
			name = Release;
		};
		22A6059A26FF50AC0063A73B /* Debug */ = {
			isa = XCBuildConfiguration;
			buildSettings = {
				ALWAYS_EMBED_SWIFT_STANDARD_LIBRARIES = YES;
				CODE_SIGN_STYLE = Automatic;
				DEVELOPMENT_TEAM = TMD2D7PWT9;
				INFOPLIST_FILE = "Tests iOS/Info.plist";
				IPHONEOS_DEPLOYMENT_TARGET = 14.5;
				LD_RUNPATH_SEARCH_PATHS = (
					"$(inherited)",
					"@executable_path/Frameworks",
					"@loader_path/Frameworks",
				);
				PRODUCT_BUNDLE_IDENTIFIER = "com.logIt.Tests-iOS";
				PRODUCT_NAME = "$(TARGET_NAME)";
				SDKROOT = iphoneos;
				SWIFT_VERSION = 5.0;
				TARGETED_DEVICE_FAMILY = "1,2";
				TEST_TARGET_NAME = "logIt (iOS)";
			};
			name = Debug;
		};
		22A6059B26FF50AC0063A73B /* Release */ = {
			isa = XCBuildConfiguration;
			buildSettings = {
				ALWAYS_EMBED_SWIFT_STANDARD_LIBRARIES = YES;
				CODE_SIGN_STYLE = Automatic;
				DEVELOPMENT_TEAM = TMD2D7PWT9;
				INFOPLIST_FILE = "Tests iOS/Info.plist";
				IPHONEOS_DEPLOYMENT_TARGET = 14.5;
				LD_RUNPATH_SEARCH_PATHS = (
					"$(inherited)",
					"@executable_path/Frameworks",
					"@loader_path/Frameworks",
				);
				PRODUCT_BUNDLE_IDENTIFIER = "com.logIt.Tests-iOS";
				PRODUCT_NAME = "$(TARGET_NAME)";
				SDKROOT = iphoneos;
				SWIFT_VERSION = 5.0;
				TARGETED_DEVICE_FAMILY = "1,2";
				TEST_TARGET_NAME = "logIt (iOS)";
				VALIDATE_PRODUCT = YES;
			};
			name = Release;
		};
		22A6059D26FF50AC0063A73B /* Debug */ = {
			isa = XCBuildConfiguration;
			buildSettings = {
				ALWAYS_EMBED_SWIFT_STANDARD_LIBRARIES = YES;
				CODE_SIGN_STYLE = Automatic;
				COMBINE_HIDPI_IMAGES = YES;
				DEVELOPMENT_TEAM = TMD2D7PWT9;
				INFOPLIST_FILE = "Tests macOS/Info.plist";
				LD_RUNPATH_SEARCH_PATHS = (
					"$(inherited)",
					"@executable_path/../Frameworks",
					"@loader_path/../Frameworks",
				);
				MACOSX_DEPLOYMENT_TARGET = 11.3;
				PRODUCT_BUNDLE_IDENTIFIER = "com.logIt.Tests-macOS";
				PRODUCT_NAME = "$(TARGET_NAME)";
				SDKROOT = macosx;
				SWIFT_VERSION = 5.0;
				TEST_TARGET_NAME = "logIt (macOS)";
			};
			name = Debug;
		};
		22A6059E26FF50AC0063A73B /* Release */ = {
			isa = XCBuildConfiguration;
			buildSettings = {
				ALWAYS_EMBED_SWIFT_STANDARD_LIBRARIES = YES;
				CODE_SIGN_STYLE = Automatic;
				COMBINE_HIDPI_IMAGES = YES;
				DEVELOPMENT_TEAM = TMD2D7PWT9;
				INFOPLIST_FILE = "Tests macOS/Info.plist";
				LD_RUNPATH_SEARCH_PATHS = (
					"$(inherited)",
					"@executable_path/../Frameworks",
					"@loader_path/../Frameworks",
				);
				MACOSX_DEPLOYMENT_TARGET = 11.3;
				PRODUCT_BUNDLE_IDENTIFIER = "com.logIt.Tests-macOS";
				PRODUCT_NAME = "$(TARGET_NAME)";
				SDKROOT = macosx;
				SWIFT_VERSION = 5.0;
				TEST_TARGET_NAME = "logIt (macOS)";
			};
			name = Release;
		};
/* End XCBuildConfiguration section */

/* Begin XCConfigurationList section */
		22A6055926FF50A90063A73B /* Build configuration list for PBXProject "logIt" */ = {
			isa = XCConfigurationList;
			buildConfigurations = (
				22A6059126FF50AC0063A73B /* Debug */,
				22A6059226FF50AC0063A73B /* Release */,
			);
			defaultConfigurationIsVisible = 0;
			defaultConfigurationName = Release;
		};
		22A6059326FF50AC0063A73B /* Build configuration list for PBXNativeTarget "logIt (iOS)" */ = {
			isa = XCConfigurationList;
			buildConfigurations = (
				22A6059426FF50AC0063A73B /* Debug */,
				22A6059526FF50AC0063A73B /* Release */,
			);
			defaultConfigurationIsVisible = 0;
			defaultConfigurationName = Release;
		};
		22A6059626FF50AC0063A73B /* Build configuration list for PBXNativeTarget "logIt (macOS)" */ = {
			isa = XCConfigurationList;
			buildConfigurations = (
				22A6059726FF50AC0063A73B /* Debug */,
				22A6059826FF50AC0063A73B /* Release */,
			);
			defaultConfigurationIsVisible = 0;
			defaultConfigurationName = Release;
		};
		22A6059926FF50AC0063A73B /* Build configuration list for PBXNativeTarget "Tests iOS" */ = {
			isa = XCConfigurationList;
			buildConfigurations = (
				22A6059A26FF50AC0063A73B /* Debug */,
				22A6059B26FF50AC0063A73B /* Release */,
			);
			defaultConfigurationIsVisible = 0;
			defaultConfigurationName = Release;
		};
		22A6059C26FF50AC0063A73B /* Build configuration list for PBXNativeTarget "Tests macOS" */ = {
			isa = XCConfigurationList;
			buildConfigurations = (
				22A6059D26FF50AC0063A73B /* Debug */,
				22A6059E26FF50AC0063A73B /* Release */,
			);
			defaultConfigurationIsVisible = 0;
			defaultConfigurationName = Release;
		};
/* End XCConfigurationList section */

/* Begin XCRemoteSwiftPackageReference section */
		22A132F5291642F500CCFBD1 /* XCRemoteSwiftPackageReference "domain-gesture" */ = {
			isa = XCRemoteSwiftPackageReference;
			repositoryURL = "https://github.com/levitatingpineapple/domain-gesture";
			requirement = {
				kind = upToNextMajorVersion;
				minimumVersion = 1.0.0;
			};
		};
		22A605A52700856E0063A73B /* XCRemoteSwiftPackageReference "ChartView" */ = {
			isa = XCRemoteSwiftPackageReference;
			repositoryURL = "https://github.com/AppPear/ChartView";
			requirement = {
				kind = upToNextMajorVersion;
				minimumVersion = 1.5.5;
			};
		};
		22AC1E892701CF9F00A6C1F8 /* XCRemoteSwiftPackageReference "AlertToast" */ = {
			isa = XCRemoteSwiftPackageReference;
			repositoryURL = "https://github.com/elai950/AlertToast.git";
			requirement = {
				branch = master;
				kind = branch;
			};
		};
		22FB02012702EF7300EB7AA3 /* XCRemoteSwiftPackageReference "IQKeyboardManager" */ = {
			isa = XCRemoteSwiftPackageReference;
			repositoryURL = "https://github.com/hackiftekhar/IQKeyboardManager.git";
			requirement = {
				kind = upToNextMajorVersion;
				minimumVersion = 6.0.0;
			};
		};
/* End XCRemoteSwiftPackageReference section */

/* Begin XCSwiftPackageProductDependency section */
		22A132F6291642F500CCFBD1 /* DomainGesture */ = {
			isa = XCSwiftPackageProductDependency;
			package = 22A132F5291642F500CCFBD1 /* XCRemoteSwiftPackageReference "domain-gesture" */;
			productName = DomainGesture;
		};
		22A605A62700856E0063A73B /* SwiftUICharts */ = {
			isa = XCSwiftPackageProductDependency;
			package = 22A605A52700856E0063A73B /* XCRemoteSwiftPackageReference "ChartView" */;
			productName = SwiftUICharts;
		};
		22AC1E8A2701CF9F00A6C1F8 /* AlertToast */ = {
			isa = XCSwiftPackageProductDependency;
			package = 22AC1E892701CF9F00A6C1F8 /* XCRemoteSwiftPackageReference "AlertToast" */;
			productName = AlertToast;
		};
		22FB02022702EF7300EB7AA3 /* IQKeyboardManagerSwift */ = {
			isa = XCSwiftPackageProductDependency;
			package = 22FB02012702EF7300EB7AA3 /* XCRemoteSwiftPackageReference "IQKeyboardManager" */;
			productName = IQKeyboardManagerSwift;
		};
/* End XCSwiftPackageProductDependency section */

/* Begin XCVersionGroup section */
		22A6055B26FF50A90063A73B /* logIt.xcdatamodeld */ = {
			isa = XCVersionGroup;
			children = (
				22A6055C26FF50A90063A73B /* Shared.xcdatamodel */,
			);
			currentVersion = 22A6055C26FF50A90063A73B /* Shared.xcdatamodel */;
			path = logIt.xcdatamodeld;
			sourceTree = "<group>";
			versionGroupType = wrapper.xcdatamodel;
		};
/* End XCVersionGroup section */
	};
	rootObject = 22A6055626FF50A90063A73B /* Project object */;
}
